{
  "object": {
    "pins": [
      {
        "package": "ARCL",
        "repositoryURL": "https://github.com/ProjectDent/ARKit-CoreLocation.git",
        "state": {
          "branch": "develop",
          "revision": "3096c440e12da642bcf95f585a53ab316e190241",
          "version": null
        }
      },
      {
        "package": "Lottie",
        "repositoryURL": "https://github.com/airbnb/lottie-ios.git",
        "state": {
          "branch": null,
          "revision": "eb115967234671b725264422d82c9d1d6b226e5a",
          "version": "3.1.5"
        }
      }
    ]
  },
  "version": 1
}
