{
  "object": {
    "pins": [
      {
        "package": "ARCL",
        "repositoryURL": "https://github.com/ProjectDent/ARKit-CoreLocation.git",
        "state": {
          "branch": "develop",
          "revision": "3096c440e12da642bcf95f585a53ab316e190241",
          "version": null
        }
      }
    ]
  },
  "version": 1
}
